dependencies:
  chmorgan/esp-audio-player:
    dependencies: []
    source:
      path: D:\learn\vscode\esp_project\esp32-s3r8\ESP32-S3-Touch-LCD-1.85-Demo\ESP-IDF\ESP32-S3-Touch-LCD-1.85-Test\components\chmorgan__esp-audio-player
      type: local
    version: 1.0.7
  chmorgan/esp-libhelix-mp3:
    dependencies: []
    source:
      path: D:\learn\vscode\esp_project\esp32-s3r8\ESP32-S3-Touch-LCD-1.85-Demo\ESP-IDF\ESP32-S3-Touch-LCD-1.85-Test\components\chmorgan__esp-libhelix-mp3
      type: local
    version: 1.0.3
  espressif/esp-dsp:
    dependencies: []
    source:
      path: D:\learn\vscode\esp_project\esp32-s3r8\ESP32-S3-Touch-LCD-1.85-Demo\ESP-IDF\ESP32-S3-Touch-LCD-1.85-Test\components\espressif__esp-dsp
      type: local
    version: 1.4.12
  espressif/esp-sr:
    dependencies: []
    source:
      path: D:\learn\vscode\esp_project\esp32-s3r8\ESP32-S3-Touch-LCD-1.85-Demo\ESP-IDF\ESP32-S3-Touch-LCD-1.85-Test\components\espressif__esp-sr
      type: local
    version: 1.9.4
  idf:
    source:
      type: idf
    version: 5.3.1
  lvgl/lvgl:
    dependencies: []
    source:
      path: D:\learn\vscode\esp_project\esp32-s3r8\ESP32-S3-Touch-LCD-1.85-Demo\ESP-IDF\ESP32-S3-Touch-LCD-1.85-Test\components\lvgl__lvgl
      type: local
    version: 8.3.11
direct_dependencies:
- chmorgan/esp-audio-player
- chmorgan/esp-libhelix-mp3
- espressif/esp-dsp
- espressif/esp-sr
- idf
- lvgl/lvgl
manifest_hash: 46a1edf3c29dc61d9f14e48ee436087d4a01528c83e73ad02a8b0fd1f0569d3f
target: esp32s3
version: 2.0.0
